
Microsoft Visual Studio Solution File, Format Version 12.00
# Visual Studio 2013
VisualStudioVersion = 12.0.40629.0
MinimumVisualStudioVersion = 10.0.40219.1
Project("{FAE04EC0-301F-11D3-BF4B-00C04F79EFBC}") = "MazeGeneratorAndSolver", "MazeGeneratorAndSolver\MazeGeneratorAndSolver.csproj", "{248B37D0-94BE-49B8-99E2-FA3EED0AE163}"
EndProject
Project("{FAE04EC0-301F-11D3-BF4B-00C04F79EFBC}") = "MazeGeneration", "MazeGeneration\MazeGeneration.csproj", "{1CF6FA70-A816-428D-AE89-9BFA70710750}"
EndProject
Global
	GlobalSection(SolutionConfigurationPlatforms) = preSolution
		Debug|Any CPU = Debug|Any CPU
		Release|Any CPU = Release|Any CPU
	EndGlobalSection
	GlobalSection(ProjectConfigurationPlatforms) = postSolution
		{248B37D0-94BE-49B8-99E2-FA3EED0AE163}.Debug|Any CPU.ActiveCfg = Debug|Any CPU
		{248B37D0-94BE-49B8-99E2-FA3EED0AE163}.Debug|Any CPU.Build.0 = Debug|Any CPU
		{248B37D0-94BE-49B8-99E2-FA3EED0AE163}.Release|Any CPU.ActiveCfg = Release|Any CPU
		{248B37D0-94BE-49B8-99E2-FA3EED0AE163}.Release|Any CPU.Build.0 = Release|Any CPU
		{1CF6FA70-A816-428D-AE89-9BFA70710750}.Debug|Any CPU.ActiveCfg = Debug|Any CPU
		{1CF6FA70-A816-428D-AE89-9BFA70710750}.Debug|Any CPU.Build.0 = Debug|Any CPU
		{1CF6FA70-A816-428D-AE89-9BFA70710750}.Release|Any CPU.ActiveCfg = Release|Any CPU
		{1CF6FA70-A816-428D-AE89-9BFA70710750}.Release|Any CPU.Build.0 = Release|Any CPU
	EndGlobalSection
	GlobalSection(SolutionProperties) = preSolution
		HideSolutionNode = FALSE
	EndGlobalSection
EndGlobal
